
Microsoft Visual Studio Solution File, Format Version 12.00
# Visual Studio Version 17
VisualStudioVersion = 17.7.34018.315
MinimumVisualStudioVersion = 10.0.40219.1
Project("{8BC9CEB8-8B4A-11D0-8D11-00A0C91BC942}") = "lab4", "lab4.vcxproj", "{6C4CE2E1-F322-4BE1-8F48-28E04405B7BF}"
EndProject
Global
	GlobalSection(SolutionConfigurationPlatforms) = preSolution
		Debug|x64 = Debug|x64
		Debug|x86 = Debug|x86
		Release|x64 = Release|x64
		Release|x86 = Release|x86
	EndGlobalSection
	GlobalSection(ProjectConfigurationPlatforms) = postSolution
		{6C4CE2E1-F322-4BE1-8F48-28E04405B7BF}.Debug|x64.ActiveCfg = Debug|x64
		{6C4CE2E1-F322-4BE1-8F48-28E04405B7BF}.Debug|x64.Build.0 = Debug|x64
		{6C4CE2E1-F322-4BE1-8F48-28E04405B7BF}.Debug|x86.ActiveCfg = Debug|Win32
		{6C4CE2E1-F322-4BE1-8F48-28E04405B7BF}.Debug|x86.Build.0 = Debug|Win32
		{6C4CE2E1-F322-4BE1-8F48-28E04405B7BF}.Release|x64.ActiveCfg = Release|x64
		{6C4CE2E1-F322-4BE1-8F48-28E04405B7BF}.Release|x64.Build.0 = Release|x64
		{6C4CE2E1-F322-4BE1-8F48-28E04405B7BF}.Release|x86.ActiveCfg = Release|Win32
		{6C4CE2E1-F322-4BE1-8F48-28E04405B7BF}.Release|x86.Build.0 = Release|Win32
	EndGlobalSection
	GlobalSection(SolutionProperties) = preSolution
		HideSolutionNode = FALSE
	EndGlobalSection
	GlobalSection(ExtensibilityGlobals) = postSolution
		SolutionGuid = {884A8A35-7923-4719-A6D9-50B93A57ADF5}
	EndGlobalSection
EndGlobal
